
Microsoft Visual Studio Solution File, Format Version 12.00
# Visual Studio 14
VisualStudioVersion = 14.0.25420.1
MinimumVisualStudioVersion = 10.0.40219.1
Project("{FAE04EC0-301F-11D3-BF4B-00C04F79EFBC}") = "CharlyEjemplo.Web", "CharlyEjemplo.Web\CharlyEjemplo.Web.csproj", "{C4401F0A-69EB-4D55-B267-A6BF6BCBF8B2}"
EndProject
Project("{FAE04EC0-301F-11D3-BF4B-00C04F79EFBC}") = "CharlyEjemplo.Web.Controllers", "CharlyEjemplo.Web.Controllers\CharlyEjemplo.Web.Controllers.csproj", "{51B23728-ADC0-402F-A216-A40183845810}"
EndProject
Project("{FAE04EC0-301F-11D3-BF4B-00C04F79EFBC}") = "CharlyEjemplo.Web.Model", "CharlyEjemplo.Web.Model\CharlyEjemplo.Web.Model.csproj", "{28340BBA-E75A-45B1-B7E9-5572D00D6B73}"
EndProject
Project("{FAE04EC0-301F-11D3-BF4B-00C04F79EFBC}") = "CharlyEjemplo.Web.Data", "CharlyEjemplo.Web.Data\CharlyEjemplo.Web.Data.csproj", "{BB8905C0-EB72-4062-8222-B8402A2776CA}"
EndProject
Global
	GlobalSection(SolutionConfigurationPlatforms) = preSolution
		Debug|Any CPU = Debug|Any CPU
		Release|Any CPU = Release|Any CPU
	EndGlobalSection
	GlobalSection(ProjectConfigurationPlatforms) = postSolution
		{C4401F0A-69EB-4D55-B267-A6BF6BCBF8B2}.Debug|Any CPU.ActiveCfg = Debug|Any CPU
		{C4401F0A-69EB-4D55-B267-A6BF6BCBF8B2}.Debug|Any CPU.Build.0 = Debug|Any CPU
		{C4401F0A-69EB-4D55-B267-A6BF6BCBF8B2}.Release|Any CPU.ActiveCfg = Release|Any CPU
		{C4401F0A-69EB-4D55-B267-A6BF6BCBF8B2}.Release|Any CPU.Build.0 = Release|Any CPU
		{51B23728-ADC0-402F-A216-A40183845810}.Debug|Any CPU.ActiveCfg = Debug|Any CPU
		{51B23728-ADC0-402F-A216-A40183845810}.Debug|Any CPU.Build.0 = Debug|Any CPU
		{51B23728-ADC0-402F-A216-A40183845810}.Release|Any CPU.ActiveCfg = Release|Any CPU
		{51B23728-ADC0-402F-A216-A40183845810}.Release|Any CPU.Build.0 = Release|Any CPU
		{28340BBA-E75A-45B1-B7E9-5572D00D6B73}.Debug|Any CPU.ActiveCfg = Debug|Any CPU
		{28340BBA-E75A-45B1-B7E9-5572D00D6B73}.Debug|Any CPU.Build.0 = Debug|Any CPU
		{28340BBA-E75A-45B1-B7E9-5572D00D6B73}.Release|Any CPU.ActiveCfg = Release|Any CPU
		{28340BBA-E75A-45B1-B7E9-5572D00D6B73}.Release|Any CPU.Build.0 = Release|Any CPU
		{BB8905C0-EB72-4062-8222-B8402A2776CA}.Debug|Any CPU.ActiveCfg = Debug|Any CPU
		{BB8905C0-EB72-4062-8222-B8402A2776CA}.Debug|Any CPU.Build.0 = Debug|Any CPU
		{BB8905C0-EB72-4062-8222-B8402A2776CA}.Release|Any CPU.ActiveCfg = Release|Any CPU
		{BB8905C0-EB72-4062-8222-B8402A2776CA}.Release|Any CPU.Build.0 = Release|Any CPU
	EndGlobalSection
	GlobalSection(SolutionProperties) = preSolution
		HideSolutionNode = FALSE
	EndGlobalSection
EndGlobal
